
Microsoft Visual Studio Solution File, Format Version 12.00
# Visual Studio 14
VisualStudioVersion = 14.0.25420.1
MinimumVisualStudioVersion = 10.0.40219.1
Project("{FAE04EC0-301F-11D3-BF4B-00C04F79EFBC}") = "eLoaner", "eLoaner\eLoaner.csproj", "{B6C88EE0-7CBE-479E-9AD5-259A397E1892}"
EndProject
Project("{FAE04EC0-301F-11D3-BF4B-00C04F79EFBC}") = "eLoaner.Tests", "eLoaner.Tests\eLoaner.Tests.csproj", "{8C17D01D-77BC-46E0-898A-3F6E14079BAE}"
EndProject
Global
	GlobalSection(SolutionConfigurationPlatforms) = preSolution
		Debug|Any CPU = Debug|Any CPU
		Release|Any CPU = Release|Any CPU
	EndGlobalSection
	GlobalSection(ProjectConfigurationPlatforms) = postSolution
		{B6C88EE0-7CBE-479E-9AD5-259A397E1892}.Debug|Any CPU.ActiveCfg = Debug|Any CPU
		{B6C88EE0-7CBE-479E-9AD5-259A397E1892}.Debug|Any CPU.Build.0 = Debug|Any CPU
		{B6C88EE0-7CBE-479E-9AD5-259A397E1892}.Release|Any CPU.ActiveCfg = Release|Any CPU
		{B6C88EE0-7CBE-479E-9AD5-259A397E1892}.Release|Any CPU.Build.0 = Release|Any CPU
		{8C17D01D-77BC-46E0-898A-3F6E14079BAE}.Debug|Any CPU.ActiveCfg = Debug|Any CPU
		{8C17D01D-77BC-46E0-898A-3F6E14079BAE}.Debug|Any CPU.Build.0 = Debug|Any CPU
		{8C17D01D-77BC-46E0-898A-3F6E14079BAE}.Release|Any CPU.ActiveCfg = Release|Any CPU
		{8C17D01D-77BC-46E0-898A-3F6E14079BAE}.Release|Any CPU.Build.0 = Release|Any CPU
	EndGlobalSection
	GlobalSection(SolutionProperties) = preSolution
		HideSolutionNode = FALSE
	EndGlobalSection
EndGlobal
